
Microsoft Visual Studio Solution File, Format Version 12.00
# Visual Studio Version 16
VisualStudioVersion = 16.0.31129.286
MinimumVisualStudioVersion = 10.0.40219.1
Project("{8BC9CEB8-8B4A-11D0-8D11-00A0C91BC942}") = "PokemonAnalyser", "PokemonAnalyser\PokemonAnalyser.vcxproj", "{B640C4F4-8398-49C3-AFF6-5C483B16B723}"
EndProject
Project("{FAE04EC0-301F-11D3-BF4B-00C04F79EFBC}") = "GoogleSheetsAPI", "GoogleSheetsAPI\GoogleSheetsAPI.csproj", "{485D7CE9-3788-4C45-B41F-6B89BA009AC0}"
EndProject
Global
	GlobalSection(SolutionConfigurationPlatforms) = preSolution
		Debug|Any CPU = Debug|Any CPU
		Debug|x64 = Debug|x64
		Debug|x86 = Debug|x86
		Release|Any CPU = Release|Any CPU
		Release|x64 = Release|x64
		Release|x86 = Release|x86
	EndGlobalSection
	GlobalSection(ProjectConfigurationPlatforms) = postSolution
		{B640C4F4-8398-49C3-AFF6-5C483B16B723}.Debug|Any CPU.ActiveCfg = Debug|Win32
		{B640C4F4-8398-49C3-AFF6-5C483B16B723}.Debug|x64.ActiveCfg = Debug|x64
		{B640C4F4-8398-49C3-AFF6-5C483B16B723}.Debug|x64.Build.0 = Debug|x64
		{B640C4F4-8398-49C3-AFF6-5C483B16B723}.Debug|x86.ActiveCfg = Debug|Win32
		{B640C4F4-8398-49C3-AFF6-5C483B16B723}.Debug|x86.Build.0 = Debug|Win32
		{B640C4F4-8398-49C3-AFF6-5C483B16B723}.Release|Any CPU.ActiveCfg = Release|Win32
		{B640C4F4-8398-49C3-AFF6-5C483B16B723}.Release|x64.ActiveCfg = Release|x64
		{B640C4F4-8398-49C3-AFF6-5C483B16B723}.Release|x64.Build.0 = Release|x64
		{B640C4F4-8398-49C3-AFF6-5C483B16B723}.Release|x86.ActiveCfg = Release|Win32
		{B640C4F4-8398-49C3-AFF6-5C483B16B723}.Release|x86.Build.0 = Release|Win32
		{485D7CE9-3788-4C45-B41F-6B89BA009AC0}.Debug|Any CPU.ActiveCfg = Debug|Any CPU
		{485D7CE9-3788-4C45-B41F-6B89BA009AC0}.Debug|Any CPU.Build.0 = Debug|Any CPU
		{485D7CE9-3788-4C45-B41F-6B89BA009AC0}.Debug|x64.ActiveCfg = Debug|Any CPU
		{485D7CE9-3788-4C45-B41F-6B89BA009AC0}.Debug|x64.Build.0 = Debug|Any CPU
		{485D7CE9-3788-4C45-B41F-6B89BA009AC0}.Debug|x86.ActiveCfg = Debug|Any CPU
		{485D7CE9-3788-4C45-B41F-6B89BA009AC0}.Debug|x86.Build.0 = Debug|Any CPU
		{485D7CE9-3788-4C45-B41F-6B89BA009AC0}.Release|Any CPU.ActiveCfg = Release|Any CPU
		{485D7CE9-3788-4C45-B41F-6B89BA009AC0}.Release|Any CPU.Build.0 = Release|Any CPU
		{485D7CE9-3788-4C45-B41F-6B89BA009AC0}.Release|x64.ActiveCfg = Release|Any CPU
		{485D7CE9-3788-4C45-B41F-6B89BA009AC0}.Release|x64.Build.0 = Release|Any CPU
		{485D7CE9-3788-4C45-B41F-6B89BA009AC0}.Release|x86.ActiveCfg = Release|Any CPU
		{485D7CE9-3788-4C45-B41F-6B89BA009AC0}.Release|x86.Build.0 = Release|Any CPU
	EndGlobalSection
	GlobalSection(SolutionProperties) = preSolution
		HideSolutionNode = FALSE
	EndGlobalSection
	GlobalSection(ExtensibilityGlobals) = postSolution
		SolutionGuid = {333C8D2E-ED2D-4353-866F-8B7AB0BDF91E}
	EndGlobalSection
EndGlobal
